
Microsoft Visual Studio Solution File, Format Version 12.00
# Visual Studio Version 17
VisualStudioVersion = 17.13.35931.197 d17.13
MinimumVisualStudioVersion = 10.0.40219.1
Project("{8BC9CEB8-8B4A-11D0-8D11-00A0C91BC942}") = "Framework", "Framework\Framework.vcxproj", "{30FF7626-7909-48B5-8350-544F73051ADC}"
EndProject
Global
	GlobalSection(SolutionConfigurationPlatforms) = preSolution
		Debug|x64 = Debug|x64
		Release|x64 = Release|x64
	EndGlobalSection
	GlobalSection(ProjectConfigurationPlatforms) = postSolution
		{30FF7626-7909-48B5-8350-544F73051ADC}.Debug|x64.ActiveCfg = Debug|x64
		{30FF7626-7909-48B5-8350-544F73051ADC}.Debug|x64.Build.0 = Debug|x64
		{30FF7626-7909-48B5-8350-544F73051ADC}.Release|x64.ActiveCfg = Release|x64
		{30FF7626-7909-48B5-8350-544F73051ADC}.Release|x64.Build.0 = Release|x64
	EndGlobalSection
	GlobalSection(SolutionProperties) = preSolution
		HideSolutionNode = FALSE
	EndGlobalSection
	GlobalSection(ExtensibilityGlobals) = postSolution
		SolutionGuid = {DAF3BC18-6992-4848-A7A1-11DB36FDC456}
	EndGlobalSection
EndGlobal
